// !$*UTF8*$!
{
	archiveVersion = 1;
	classes = {
	};
	objectVersion = 45;
	objects = {

/* Begin PBXBuildFile section */
		1D3623260D0F684500981E51 /* IB_TableCellsAppDelegate.m in Sources */ = {isa = PBXBuildFile; fileRef = 1D3623250D0F684500981E51 /* IB_TableCellsAppDelegate.m */; };
		1D60589B0D05DD56006BFB54 /* main.m in Sources */ = {isa = PBXBuildFile; fileRef = 29B97316FDCFA39411CA2CEA /* main.m */; };
		1D60589F0D05DD5A006BFB54 /* Foundation.framework in Frameworks */ = {isa = PBXBuildFile; fileRef = 1D30AB110D05D00D00671497 /* Foundation.framework */; };
		1DF5F4E00D08C38300B7A737 /* UIKit.framework in Frameworks */ = {isa = PBXBuildFile; fileRef = 1DF5F4DF0D08C38300B7A737 /* UIKit.framework */; };
		288765A50DF7441C002DB57D /* CoreGraphics.framework in Frameworks */ = {isa = PBXBuildFile; fileRef = 288765A40DF7441C002DB57D /* CoreGraphics.framework */; };
		28AD733F0D9D9553002E5188 /* MainWindow.xib in Resources */ = {isa = PBXBuildFile; fileRef = 28AD733E0D9D9553002E5188 /* MainWindow.xib */; };
		CA44FF7011A356E700B3A12E /* WTInputCell.m in Sources */ = {isa = PBXBuildFile; fileRef = CA44FF6F11A356E700B3A12E /* WTInputCell.m */; };
		CA96807611A205C3005114B4 /* WTDynamicTableViewController.m in Sources */ = {isa = PBXBuildFile; fileRef = CA96807411A205C3005114B4 /* WTDynamicTableViewController.m */; };
		CA96807711A205C3005114B4 /* WTDynamicTableViewController.xib in Resources */ = {isa = PBXBuildFile; fileRef = CA96807511A205C3005114B4 /* WTDynamicTableViewController.xib */; };
		CA9680A611A21114005114B4 /* 96-book.png in Resources */ = {isa = PBXBuildFile; fileRef = CA9680A411A21114005114B4 /* 96-book.png */; };
		CA9680A711A21114005114B4 /* 104-index-cards.png in Resources */ = {isa = PBXBuildFile; fileRef = CA9680A511A21114005114B4 /* 104-index-cards.png */; };
		CA9680A911A211D6005114B4 /* DynamicTableCells.xib in Resources */ = {isa = PBXBuildFile; fileRef = CA9680A811A211D6005114B4 /* DynamicTableCells.xib */; };
		CA9680B111A212B0005114B4 /* WTTableCell.m in Sources */ = {isa = PBXBuildFile; fileRef = CA9680B011A212B0005114B4 /* WTTableCell.m */; };
		CA9FF39111EBF92A00AB59EA /* WTDynamicTableViewControllerIOS4.m in Sources */ = {isa = PBXBuildFile; fileRef = CA9FF38F11EBF92A00AB59EA /* WTDynamicTableViewControllerIOS4.m */; };
		CA9FF39211EBF92A00AB59EA /* WTDynamicTableViewControllerIOS4.xib in Resources */ = {isa = PBXBuildFile; fileRef = CA9FF39011EBF92A00AB59EA /* WTDynamicTableViewControllerIOS4.xib */; };
		CAE3DB28119CDA1B006ADC3E /* WTTableViewController.m in Sources */ = {isa = PBXBuildFile; fileRef = CAE3DB26119CDA1B006ADC3E /* WTTableViewController.m */; };
		CAE3DB29119CDA1B006ADC3E /* WTTableViewController.xib in Resources */ = {isa = PBXBuildFile; fileRef = CAE3DB27119CDA1B006ADC3E /* WTTableViewController.xib */; };
/* End PBXBuildFile section */

/* Begin PBXFileReference section */
		1D30AB110D05D00D00671497 /* Foundation.framework */ = {isa = PBXFileReference; lastKnownFileType = wrapper.framework; name = Foundation.framework; path = System/Library/Frameworks/Foundation.framework; sourceTree = SDKROOT; };
		1D3623240D0F684500981E51 /* IB_TableCellsAppDelegate.h */ = {isa = PBXFileReference; fileEncoding = 4; lastKnownFileType = sourcecode.c.h; path = IB_TableCellsAppDelegate.h; sourceTree = "<group>"; };
		1D3623250D0F684500981E51 /* IB_TableCellsAppDelegate.m */ = {isa = PBXFileReference; fileEncoding = 4; lastKnownFileType = sourcecode.c.objc; path = IB_TableCellsAppDelegate.m; sourceTree = "<group>"; };
		1D6058910D05DD3D006BFB54 /* IB_TableCells.app */ = {isa = PBXFileReference; explicitFileType = wrapper.application; includeInIndex = 0; path = IB_TableCells.app; sourceTree = BUILT_PRODUCTS_DIR; };
		1DF5F4DF0D08C38300B7A737 /* UIKit.framework */ = {isa = PBXFileReference; lastKnownFileType = wrapper.framework; name = UIKit.framework; path = System/Library/Frameworks/UIKit.framework; sourceTree = SDKROOT; };
		288765A40DF7441C002DB57D /* CoreGraphics.framework */ = {isa = PBXFileReference; lastKnownFileType = wrapper.framework; name = CoreGraphics.framework; path = System/Library/Frameworks/CoreGraphics.framework; sourceTree = SDKROOT; };
		28AD733E0D9D9553002E5188 /* MainWindow.xib */ = {isa = PBXFileReference; lastKnownFileType = file.xib; path = MainWindow.xib; sourceTree = "<group>"; };
		29B97316FDCFA39411CA2CEA /* main.m */ = {isa = PBXFileReference; fileEncoding = 4; lastKnownFileType = sourcecode.c.objc; path = main.m; sourceTree = "<group>"; };
		32CA4F630368D1EE00C91783 /* IB_TableCells_Prefix.pch */ = {isa = PBXFileReference; fileEncoding = 4; lastKnownFileType = sourcecode.c.h; path = IB_TableCells_Prefix.pch; sourceTree = "<group>"; };
		8D1107310486CEB800E47090 /* IB_TableCells-Info.plist */ = {isa = PBXFileReference; fileEncoding = 4; lastKnownFileType = text.plist.xml; path = "IB_TableCells-Info.plist"; plistStructureDefinitionIdentifier = "com.apple.xcode.plist.structure-definition.iphone.info-plist"; sourceTree = "<group>"; };
		CA44FF6E11A356E700B3A12E /* WTInputCell.h */ = {isa = PBXFileReference; fileEncoding = 4; lastKnownFileType = sourcecode.c.h; path = WTInputCell.h; sourceTree = "<group>"; };
		CA44FF6F11A356E700B3A12E /* WTInputCell.m */ = {isa = PBXFileReference; fileEncoding = 4; lastKnownFileType = sourcecode.c.objc; path = WTInputCell.m; sourceTree = "<group>"; };
		CA96807311A205C3005114B4 /* WTDynamicTableViewController.h */ = {isa = PBXFileReference; fileEncoding = 4; lastKnownFileType = sourcecode.c.h; path = WTDynamicTableViewController.h; sourceTree = "<group>"; };
		CA96807411A205C3005114B4 /* WTDynamicTableViewController.m */ = {isa = PBXFileReference; fileEncoding = 4; lastKnownFileType = sourcecode.c.objc; path = WTDynamicTableViewController.m; sourceTree = "<group>"; };
		CA96807511A205C3005114B4 /* WTDynamicTableViewController.xib */ = {isa = PBXFileReference; lastKnownFileType = file.xib; path = WTDynamicTableViewController.xib; sourceTree = "<group>"; };
		CA9680A411A21114005114B4 /* 96-book.png */ = {isa = PBXFileReference; lastKnownFileType = image.png; name = "96-book.png"; path = "Assets/96-book.png"; sourceTree = "<group>"; };
		CA9680A511A21114005114B4 /* 104-index-cards.png */ = {isa = PBXFileReference; lastKnownFileType = image.png; name = "104-index-cards.png"; path = "Assets/104-index-cards.png"; sourceTree = "<group>"; };
		CA9680A811A211D6005114B4 /* DynamicTableCells.xib */ = {isa = PBXFileReference; lastKnownFileType = file.xib; name = DynamicTableCells.xib; path = Classes/DynamicTableCells.xib; sourceTree = "<group>"; };
		CA9680AF11A212B0005114B4 /* WTTableCell.h */ = {isa = PBXFileReference; fileEncoding = 4; lastKnownFileType = sourcecode.c.h; path = WTTableCell.h; sourceTree = "<group>"; };
		CA9680B011A212B0005114B4 /* WTTableCell.m */ = {isa = PBXFileReference; fileEncoding = 4; lastKnownFileType = sourcecode.c.objc; path = WTTableCell.m; sourceTree = "<group>"; };
		CA96812511A21E61005114B4 /* Constants.h */ = {isa = PBXFileReference; fileEncoding = 4; lastKnownFileType = sourcecode.c.h; path = Constants.h; sourceTree = "<group>"; };
		CA9FF38E11EBF92A00AB59EA /* WTDynamicTableViewControllerIOS4.h */ = {isa = PBXFileReference; fileEncoding = 4; lastKnownFileType = sourcecode.c.h; path = WTDynamicTableViewControllerIOS4.h; sourceTree = "<group>"; };
		CA9FF38F11EBF92A00AB59EA /* WTDynamicTableViewControllerIOS4.m */ = {isa = PBXFileReference; fileEncoding = 4; lastKnownFileType = sourcecode.c.objc; path = WTDynamicTableViewControllerIOS4.m; sourceTree = "<group>"; };
		CA9FF39011EBF92A00AB59EA /* WTDynamicTableViewControllerIOS4.xib */ = {isa = PBXFileReference; lastKnownFileType = file.xib; path = WTDynamicTableViewControllerIOS4.xib; sourceTree = "<group>"; };
		CAE3DB25119CDA1B006ADC3E /* WTTableViewController.h */ = {isa = PBXFileReference; fileEncoding = 4; lastKnownFileType = sourcecode.c.h; path = WTTableViewController.h; sourceTree = "<group>"; };
		CAE3DB26119CDA1B006ADC3E /* WTTableViewController.m */ = {isa = PBXFileReference; fileEncoding = 4; lastKnownFileType = sourcecode.c.objc; path = WTTableViewController.m; sourceTree = "<group>"; };
		CAE3DB27119CDA1B006ADC3E /* WTTableViewController.xib */ = {isa = PBXFileReference; lastKnownFileType = file.xib; path = WTTableViewController.xib; sourceTree = "<group>"; };
/* End PBXFileReference section */

/* Begin PBXFrameworksBuildPhase section */
		1D60588F0D05DD3D006BFB54 /* Frameworks */ = {
			isa = PBXFrameworksBuildPhase;
			buildActionMask = 2147483647;
			files = (
				1D60589F0D05DD5A006BFB54 /* Foundation.framework in Frameworks */,
				1DF5F4E00D08C38300B7A737 /* UIKit.framework in Frameworks */,
				288765A50DF7441C002DB57D /* CoreGraphics.framework in Frameworks */,
			);
			runOnlyForDeploymentPostprocessing = 0;
		};
/* End PBXFrameworksBuildPhase section */

/* Begin PBXGroup section */
		080E96DDFE201D6D7F000001 /* Classes */ = {
			isa = PBXGroup;
			children = (
				CA9FF38211EBF83B00AB59EA /* iOS4 */,
				CA9680AB11A21222005114B4 /* Table Cells */,
				CA96807A11A20A2D005114B4 /* Dynamic */,
				CA96807911A20A23005114B4 /* Static */,
				1D3623240D0F684500981E51 /* IB_TableCellsAppDelegate.h */,
				1D3623250D0F684500981E51 /* IB_TableCellsAppDelegate.m */,
			);
			path = Classes;
			sourceTree = "<group>";
		};
		19C28FACFE9D520D11CA2CBB /* Products */ = {
			isa = PBXGroup;
			children = (
				1D6058910D05DD3D006BFB54 /* IB_TableCells.app */,
			);
			name = Products;
			sourceTree = "<group>";
		};
		29B97314FDCFA39411CA2CEA /* CustomTemplate */ = {
			isa = PBXGroup;
			children = (
				080E96DDFE201D6D7F000001 /* Classes */,
				29B97315FDCFA39411CA2CEA /* Other Sources */,
				29B97317FDCFA39411CA2CEA /* Resources */,
				29B97323FDCFA39411CA2CEA /* Frameworks */,
				19C28FACFE9D520D11CA2CBB /* Products */,
			);
			name = CustomTemplate;
			sourceTree = "<group>";
		};
		29B97315FDCFA39411CA2CEA /* Other Sources */ = {
			isa = PBXGroup;
			children = (
				32CA4F630368D1EE00C91783 /* IB_TableCells_Prefix.pch */,
				29B97316FDCFA39411CA2CEA /* main.m */,
				CA96812511A21E61005114B4 /* Constants.h */,
			);
			name = "Other Sources";
			sourceTree = "<group>";
		};
		29B97317FDCFA39411CA2CEA /* Resources */ = {
			isa = PBXGroup;
			children = (
				CA9680A811A211D6005114B4 /* DynamicTableCells.xib */,
				CA9680A411A21114005114B4 /* 96-book.png */,
				CA9680A511A21114005114B4 /* 104-index-cards.png */,
				28AD733E0D9D9553002E5188 /* MainWindow.xib */,
				8D1107310486CEB800E47090 /* IB_TableCells-Info.plist */,
			);
			name = Resources;
			sourceTree = "<group>";
		};
		29B97323FDCFA39411CA2CEA /* Frameworks */ = {
			isa = PBXGroup;
			children = (
				1DF5F4DF0D08C38300B7A737 /* UIKit.framework */,
				1D30AB110D05D00D00671497 /* Foundation.framework */,
				288765A40DF7441C002DB57D /* CoreGraphics.framework */,
			);
			name = Frameworks;
			sourceTree = "<group>";
		};
		CA96807911A20A23005114B4 /* Static */ = {
			isa = PBXGroup;
			children = (
				CAE3DB25119CDA1B006ADC3E /* WTTableViewController.h */,
				CAE3DB26119CDA1B006ADC3E /* WTTableViewController.m */,
				CAE3DB27119CDA1B006ADC3E /* WTTableViewController.xib */,
			);
			name = Static;
			sourceTree = "<group>";
		};
		CA96807A11A20A2D005114B4 /* Dynamic */ = {
			isa = PBXGroup;
			children = (
				CA96807311A205C3005114B4 /* WTDynamicTableViewController.h */,
				CA96807411A205C3005114B4 /* WTDynamicTableViewController.m */,
				CA96807511A205C3005114B4 /* WTDynamicTableViewController.xib */,
			);
			name = Dynamic;
			sourceTree = "<group>";
		};
		CA9680AB11A21222005114B4 /* Table Cells */ = {
			isa = PBXGroup;
			children = (
				CA9680AF11A212B0005114B4 /* WTTableCell.h */,
				CA9680B011A212B0005114B4 /* WTTableCell.m */,
				CA44FF6E11A356E700B3A12E /* WTInputCell.h */,
				CA44FF6F11A356E700B3A12E /* WTInputCell.m */,
			);
			name = "Table Cells";
			sourceTree = "<group>";
		};
		CA9FF38211EBF83B00AB59EA /* iOS4 */ = {
			isa = PBXGroup;
			children = (
				CA9FF38E11EBF92A00AB59EA /* WTDynamicTableViewControllerIOS4.h */,
				CA9FF38F11EBF92A00AB59EA /* WTDynamicTableViewControllerIOS4.m */,
				CA9FF39011EBF92A00AB59EA /* WTDynamicTableViewControllerIOS4.xib */,
			);
			name = iOS4;
			sourceTree = "<group>";
		};
/* End PBXGroup section */

/* Begin PBXNativeTarget section */
		1D6058900D05DD3D006BFB54 /* IB_TableCells */ = {
			isa = PBXNativeTarget;
			buildConfigurationList = 1D6058960D05DD3E006BFB54 /* Build configuration list for PBXNativeTarget "IB_TableCells" */;
			buildPhases = (
				1D60588D0D05DD3D006BFB54 /* Resources */,
				1D60588E0D05DD3D006BFB54 /* Sources */,
				1D60588F0D05DD3D006BFB54 /* Frameworks */,
			);
			buildRules = (
			);
			dependencies = (
			);
			name = IB_TableCells;
			productName = IB_TableCells;
			productReference = 1D6058910D05DD3D006BFB54 /* IB_TableCells.app */;
			productType = "com.apple.product-type.application";
		};
/* End PBXNativeTarget section */

/* Begin PBXProject section */
		29B97313FDCFA39411CA2CEA /* Project object */ = {
			isa = PBXProject;
			buildConfigurationList = C01FCF4E08A954540054247B /* Build configuration list for PBXProject "IB_TableCells" */;
			compatibilityVersion = "Xcode 3.1";
			hasScannedForEncodings = 1;
			mainGroup = 29B97314FDCFA39411CA2CEA /* CustomTemplate */;
			projectDirPath = "";
			projectRoot = "";
			targets = (
				1D6058900D05DD3D006BFB54 /* IB_TableCells */,
			);
		};
/* End PBXProject section */

/* Begin PBXResourcesBuildPhase section */
		1D60588D0D05DD3D006BFB54 /* Resources */ = {
			isa = PBXResourcesBuildPhase;
			buildActionMask = 2147483647;
			files = (
				28AD733F0D9D9553002E5188 /* MainWindow.xib in Resources */,
				CAE3DB29119CDA1B006ADC3E /* WTTableViewController.xib in Resources */,
				CA96807711A205C3005114B4 /* WTDynamicTableViewController.xib in Resources */,
				CA9680A611A21114005114B4 /* 96-book.png in Resources */,
				CA9680A711A21114005114B4 /* 104-index-cards.png in Resources */,
				CA9680A911A211D6005114B4 /* DynamicTableCells.xib in Resources */,
				CA9FF39211EBF92A00AB59EA /* WTDynamicTableViewControllerIOS4.xib in Resources */,
			);
			runOnlyForDeploymentPostprocessing = 0;
		};
/* End PBXResourcesBuildPhase section */

/* Begin PBXSourcesBuildPhase section */
		1D60588E0D05DD3D006BFB54 /* Sources */ = {
			isa = PBXSourcesBuildPhase;
			buildActionMask = 2147483647;
			files = (
				1D60589B0D05DD56006BFB54 /* main.m in Sources */,
				1D3623260D0F684500981E51 /* IB_TableCellsAppDelegate.m in Sources */,
				CAE3DB28119CDA1B006ADC3E /* WTTableViewController.m in Sources */,
				CA96807611A205C3005114B4 /* WTDynamicTableViewController.m in Sources */,
				CA9680B111A212B0005114B4 /* WTTableCell.m in Sources */,
				CA44FF7011A356E700B3A12E /* WTInputCell.m in Sources */,
				CA9FF39111EBF92A00AB59EA /* WTDynamicTableViewControllerIOS4.m in Sources */,
			);
			runOnlyForDeploymentPostprocessing = 0;
		};
/* End PBXSourcesBuildPhase section */

/* Begin XCBuildConfiguration section */
		1D6058940D05DD3E006BFB54 /* Debug */ = {
			isa = XCBuildConfiguration;
			buildSettings = {
				ALWAYS_SEARCH_USER_PATHS = NO;
				COPY_PHASE_STRIP = NO;
				GCC_DYNAMIC_NO_PIC = NO;
				GCC_OPTIMIZATION_LEVEL = 0;
				GCC_PRECOMPILE_PREFIX_HEADER = YES;
				GCC_PREFIX_HEADER = IB_TableCells_Prefix.pch;
				INFOPLIST_FILE = "IB_TableCells-Info.plist";
				PRODUCT_NAME = IB_TableCells;
			};
			name = Debug;
		};
		1D6058950D05DD3E006BFB54 /* Release */ = {
			isa = XCBuildConfiguration;
			buildSettings = {
				ALWAYS_SEARCH_USER_PATHS = NO;
				COPY_PHASE_STRIP = YES;
				GCC_PRECOMPILE_PREFIX_HEADER = YES;
				GCC_PREFIX_HEADER = IB_TableCells_Prefix.pch;
				INFOPLIST_FILE = "IB_TableCells-Info.plist";
				PRODUCT_NAME = IB_TableCells;
				VALIDATE_PRODUCT = YES;
			};
			name = Release;
		};
		C01FCF4F08A954540054247B /* Debug */ = {
			isa = XCBuildConfiguration;
			buildSettings = {
				ARCHS = "$(ARCHS_STANDARD_32_BIT)";
				"CODE_SIGN_IDENTITY[sdk=iphoneos*]" = "iPhone Developer";
				GCC_C_LANGUAGE_STANDARD = c99;
				GCC_WARN_ABOUT_RETURN_TYPE = YES;
				GCC_WARN_UNUSED_VARIABLE = YES;
				PREBINDING = NO;
				SDKROOT = iphoneos4.0;
			};
			name = Debug;
		};
		C01FCF5008A954540054247B /* Release */ = {
			isa = XCBuildConfiguration;
			buildSettings = {
				ARCHS = "$(ARCHS_STANDARD_32_BIT)";
				"CODE_SIGN_IDENTITY[sdk=iphoneos*]" = "iPhone Developer";
				GCC_C_LANGUAGE_STANDARD = c99;
				GCC_WARN_ABOUT_RETURN_TYPE = YES;
				GCC_WARN_UNUSED_VARIABLE = YES;
				OTHER_CFLAGS = "-DNS_BLOCK_ASSERTIONS=1";
				PREBINDING = NO;
				SDKROOT = iphoneos4.0;
			};
			name = Release;
		};
/* End XCBuildConfiguration section */

/* Begin XCConfigurationList section */
		1D6058960D05DD3E006BFB54 /* Build configuration list for PBXNativeTarget "IB_TableCells" */ = {
			isa = XCConfigurationList;
			buildConfigurations = (
				1D6058940D05DD3E006BFB54 /* Debug */,
				1D6058950D05DD3E006BFB54 /* Release */,
			);
			defaultConfigurationIsVisible = 0;
			defaultConfigurationName = Release;
		};
		C01FCF4E08A954540054247B /* Build configuration list for PBXProject "IB_TableCells" */ = {
			isa = XCConfigurationList;
			buildConfigurations = (
				C01FCF4F08A954540054247B /* Debug */,
				C01FCF5008A954540054247B /* Release */,
			);
			defaultConfigurationIsVisible = 0;
			defaultConfigurationName = Release;
		};
/* End XCConfigurationList section */
	};
	rootObject = 29B97313FDCFA39411CA2CEA /* Project object */;
}
